
Microsoft Visual Studio Solution File, Format Version 12.00
# Visual Studio 15
VisualStudioVersion = 15.0.28010.2046
MinimumVisualStudioVersion = 10.0.40219.1
Project("{E24C65DC-7377-472B-9ABA-BC803B73C61A}") = "DigitalSignature", "DigitalSignature\", "{05A653BD-3E42-42ED-ABC6-8769BF7B7B36}"
	ProjectSection(WebsiteProperties) = preProject
		TargetFrameworkMoniker = ".NETFramework,Version%3Dv4.6.1"
		Debug.AspNetCompiler.VirtualPath = "/localhost_51862"
		Debug.AspNetCompiler.PhysicalPath = "DigitalSignature\"
		Debug.AspNetCompiler.TargetPath = "PrecompiledWeb\localhost_51862\"
		Debug.AspNetCompiler.Updateable = "true"
		Debug.AspNetCompiler.ForceOverwrite = "true"
		Debug.AspNetCompiler.FixedNames = "false"
		Debug.AspNetCompiler.Debug = "True"
		Release.AspNetCompiler.VirtualPath = "/localhost_51862"
		Release.AspNetCompiler.PhysicalPath = "DigitalSignature\"
		Release.AspNetCompiler.TargetPath = "PrecompiledWeb\localhost_51862\"
		Release.AspNetCompiler.Updateable = "true"
		Release.AspNetCompiler.ForceOverwrite = "true"
		Release.AspNetCompiler.FixedNames = "false"
		Release.AspNetCompiler.Debug = "False"
		VWDPort = "51862"
		SlnRelativePath = "DigitalSignature\"
		DefaultWebSiteLanguage = "Visual C#"
	EndProjectSection
EndProject
Global
	GlobalSection(SolutionConfigurationPlatforms) = preSolution
		Debug|Any CPU = Debug|Any CPU
	EndGlobalSection
	GlobalSection(ProjectConfigurationPlatforms) = postSolution
		{05A653BD-3E42-42ED-ABC6-8769BF7B7B36}.Debug|Any CPU.ActiveCfg = Debug|Any CPU
		{05A653BD-3E42-42ED-ABC6-8769BF7B7B36}.Debug|Any CPU.Build.0 = Debug|Any CPU
	EndGlobalSection
	GlobalSection(SolutionProperties) = preSolution
		HideSolutionNode = FALSE
	EndGlobalSection
	GlobalSection(ExtensibilityGlobals) = postSolution
		SolutionGuid = {27E63347-0219-493F-9638-049B46BDE6EE}
	EndGlobalSection
EndGlobal
